// !$*UTF8*$!
{
	archiveVersion = 1;
	classes = {
	};
	objectVersion = 46;
	objects = {

/* Begin PBXBuildFile section */
		59C2DDA11D2E137E00552395 /* AppDelegate.swift in Sources */ = {isa = PBXBuildFile; fileRef = 59C2DDA01D2E137E00552395 /* AppDelegate.swift */; };
		59C2DDA31D2E137E00552395 /* ViewController.swift in Sources */ = {isa = PBXBuildFile; fileRef = 59C2DDA21D2E137E00552395 /* ViewController.swift */; };
		59C2DDA61D2E137E00552395 /* Main.storyboard in Resources */ = {isa = PBXBuildFile; fileRef = 59C2DDA41D2E137E00552395 /* Main.storyboard */; };
		59C2DDA81D2E137E00552395 /* Assets.xcassets in Resources */ = {isa = PBXBuildFile; fileRef = 59C2DDA71D2E137E00552395 /* Assets.xcassets */; };
		59C2DDAB1D2E137E00552395 /* LaunchScreen.storyboard in Resources */ = {isa = PBXBuildFile; fileRef = 59C2DDA91D2E137E00552395 /* LaunchScreen.storyboard */; };
/* End PBXBuildFile section */

/* Begin PBXFileReference section */
		59C2DD9D1D2E137E00552395 /* OlpejExamples.app */ = {isa = PBXFileReference; explicitFileType = wrapper.application; includeInIndex = 0; path = OlpejExamples.app; sourceTree = BUILT_PRODUCTS_DIR; };
		59C2DDA01D2E137E00552395 /* AppDelegate.swift */ = {isa = PBXFileReference; lastKnownFileType = sourcecode.swift; path = AppDelegate.swift; sourceTree = "<group>"; };
		59C2DDA21D2E137E00552395 /* ViewController.swift */ = {isa = PBXFileReference; lastKnownFileType = sourcecode.swift; path = ViewController.swift; sourceTree = "<group>"; };
		59C2DDA51D2E137E00552395 /* Base */ = {isa = PBXFileReference; lastKnownFileType = file.storyboard; name = Base; path = Base.lproj/Main.storyboard; sourceTree = "<group>"; };
		59C2DDA71D2E137E00552395 /* Assets.xcassets */ = {isa = PBXFileReference; lastKnownFileType = folder.assetcatalog; path = Assets.xcassets; sourceTree = "<group>"; };
		59C2DDAA1D2E137E00552395 /* Base */ = {isa = PBXFileReference; lastKnownFileType = file.storyboard; name = Base; path = Base.lproj/LaunchScreen.storyboard; sourceTree = "<group>"; };
		59C2DDAC1D2E137E00552395 /* Info.plist */ = {isa = PBXFileReference; lastKnownFileType = text.plist.xml; path = Info.plist; sourceTree = "<group>"; };
/* End PBXFileReference section */

/* Begin PBXFrameworksBuildPhase section */
		59C2DD9A1D2E137E00552395 /* Frameworks */ = {
			isa = PBXFrameworksBuildPhase;
			buildActionMask = 2147483647;
			files = (
			);
			runOnlyForDeploymentPostprocessing = 0;
		};
/* End PBXFrameworksBuildPhase section */

/* Begin PBXGroup section */
		59C2DD941D2E137E00552395 = {
			isa = PBXGroup;
			children = (
				59C2DD9F1D2E137E00552395 /* OlpejExamples */,
				59C2DD9E1D2E137E00552395 /* Products */,
			);
			sourceTree = "<group>";
		};
		59C2DD9E1D2E137E00552395 /* Products */ = {
			isa = PBXGroup;
			children = (
				59C2DD9D1D2E137E00552395 /* OlpejExamples.app */,
			);
			name = Products;
			sourceTree = "<group>";
		};
		59C2DD9F1D2E137E00552395 /* OlpejExamples */ = {
			isa = PBXGroup;
			children = (
				59C2DDA01D2E137E00552395 /* AppDelegate.swift */,
				59C2DDA21D2E137E00552395 /* ViewController.swift */,
				59C2DDA41D2E137E00552395 /* Main.storyboard */,
				59C2DDA71D2E137E00552395 /* Assets.xcassets */,
				59C2DDA91D2E137E00552395 /* LaunchScreen.storyboard */,
				59C2DDAC1D2E137E00552395 /* Info.plist */,
			);
			path = OlpejExamples;
			sourceTree = "<group>";
		};
/* End PBXGroup section */

/* Begin PBXNativeTarget section */
		59C2DD9C1D2E137E00552395 /* OlpejExamples */ = {
			isa = PBXNativeTarget;
			buildConfigurationList = 59C2DDAF1D2E137E00552395 /* Build configuration list for PBXNativeTarget "OlpejExamples" */;
			buildPhases = (
				59C2DD991D2E137E00552395 /* Sources */,
				59C2DD9A1D2E137E00552395 /* Frameworks */,
				59C2DD9B1D2E137E00552395 /* Resources */,
			);
			buildRules = (
			);
			dependencies = (
			);
			name = OlpejExamples;
			productName = OlpejExamples;
			productReference = 59C2DD9D1D2E137E00552395 /* OlpejExamples.app */;
			productType = "com.apple.product-type.application";
		};
/* End PBXNativeTarget section */

/* Begin PBXProject section */
		59C2DD951D2E137E00552395 /* Project object */ = {
			isa = PBXProject;
			attributes = {
				LastSwiftUpdateCheck = 0730;
				LastUpgradeCheck = 0730;
				ORGANIZATIONNAME = "Luke Matthew Sutton";
				TargetAttributes = {
					59C2DD9C1D2E137E00552395 = {
						CreatedOnToolsVersion = 7.3.1;
					};
				};
			};
			buildConfigurationList = 59C2DD981D2E137E00552395 /* Build configuration list for PBXProject "OlpejExamples" */;
			compatibilityVersion = "Xcode 3.2";
			developmentRegion = English;
			hasScannedForEncodings = 0;
			knownRegions = (
				en,
				Base,
			);
			mainGroup = 59C2DD941D2E137E00552395;
			productRefGroup = 59C2DD9E1D2E137E00552395 /* Products */;
			projectDirPath = "";
			projectRoot = "";
			targets = (
				59C2DD9C1D2E137E00552395 /* OlpejExamples */,
			);
		};
/* End PBXProject section */

/* Begin PBXResourcesBuildPhase section */
		59C2DD9B1D2E137E00552395 /* Resources */ = {
			isa = PBXResourcesBuildPhase;
			buildActionMask = 2147483647;
			files = (
				59C2DDAB1D2E137E00552395 /* LaunchScreen.storyboard in Resources */,
				59C2DDA81D2E137E00552395 /* Assets.xcassets in Resources */,
				59C2DDA61D2E137E00552395 /* Main.storyboard in Resources */,
			);
			runOnlyForDeploymentPostprocessing = 0;
		};
/* End PBXResourcesBuildPhase section */

/* Begin PBXSourcesBuildPhase section */
		59C2DD991D2E137E00552395 /* Sources */ = {
			isa = PBXSourcesBuildPhase;
			buildActionMask = 2147483647;
			files = (
				59C2DDA31D2E137E00552395 /* ViewController.swift in Sources */,
				59C2DDA11D2E137E00552395 /* AppDelegate.swift in Sources */,
			);
			runOnlyForDeploymentPostprocessing = 0;
		};
/* End PBXSourcesBuildPhase section */

/* Begin PBXVariantGroup section */
		59C2DDA41D2E137E00552395 /* Main.storyboard */ = {
			isa = PBXVariantGroup;
			children = (
				59C2DDA51D2E137E00552395 /* Base */,
			);
			name = Main.storyboard;
			sourceTree = "<group>";
		};
		59C2DDA91D2E137E00552395 /* LaunchScreen.storyboard */ = {
			isa = PBXVariantGroup;
			children = (
				59C2DDAA1D2E137E00552395 /* Base */,
			);
			name = LaunchScreen.storyboard;
			sourceTree = "<group>";
		};
/* End PBXVariantGroup section */

/* Begin XCBuildConfiguration section */
		59C2DDAD1D2E137E00552395 /* Debug */ = {
			isa = XCBuildConfiguration;
			buildSettings = {
				ALWAYS_SEARCH_USER_PATHS = NO;
				CLANG_ANALYZER_NONNULL = YES;
				CLANG_CXX_LANGUAGE_STANDARD = "gnu++0x";
				CLANG_CXX_LIBRARY = "libc++";
				CLANG_ENABLE_MODULES = YES;
				CLANG_ENABLE_OBJC_ARC = YES;
				CLANG_WARN_BOOL_CONVERSION = YES;
				CLANG_WARN_CONSTANT_CONVERSION = YES;
				CLANG_WARN_DIRECT_OBJC_ISA_USAGE = YES_ERROR;
				CLANG_WARN_EMPTY_BODY = YES;
				CLANG_WARN_ENUM_CONVERSION = YES;
				CLANG_WARN_INT_CONVERSION = YES;
				CLANG_WARN_OBJC_ROOT_CLASS = YES_ERROR;
				CLANG_WARN_UNREACHABLE_CODE = YES;
				CLANG_WARN__DUPLICATE_METHOD_MATCH = YES;
				"CODE_SIGN_IDENTITY[sdk=iphoneos*]" = "iPhone Developer";
				COPY_PHASE_STRIP = NO;
				DEBUG_INFORMATION_FORMAT = dwarf;
				ENABLE_STRICT_OBJC_MSGSEND = YES;
				ENABLE_TESTABILITY = YES;
				GCC_C_LANGUAGE_STANDARD = gnu99;
				GCC_DYNAMIC_NO_PIC = NO;
				GCC_NO_COMMON_BLOCKS = YES;
				GCC_OPTIMIZATION_LEVEL = 0;
				GCC_PREPROCESSOR_DEFINITIONS = (
					"DEBUG=1",
					"$(inherited)",
				);
				GCC_WARN_64_TO_32_BIT_CONVERSION = YES;
				GCC_WARN_ABOUT_RETURN_TYPE = YES_ERROR;
				GCC_WARN_UNDECLARED_SELECTOR = YES;
				GCC_WARN_UNINITIALIZED_AUTOS = YES_AGGRESSIVE;
				GCC_WARN_UNUSED_FUNCTION = YES;
				GCC_WARN_UNUSED_VARIABLE = YES;
				IPHONEOS_DEPLOYMENT_TARGET = 9.3;
				MTL_ENABLE_DEBUG_INFO = YES;
				ONLY_ACTIVE_ARCH = YES;
				SDKROOT = iphoneos;
				SWIFT_OPTIMIZATION_LEVEL = "-Onone";
			};
			name = Debug;
		};
		59C2DDAE1D2E137E00552395 /* Release */ = {
			isa = XCBuildConfiguration;
			buildSettings = {
				ALWAYS_SEARCH_USER_PATHS = NO;
				CLANG_ANALYZER_NONNULL = YES;
				CLANG_CXX_LANGUAGE_STANDARD = "gnu++0x";
				CLANG_CXX_LIBRARY = "libc++";
				CLANG_ENABLE_MODULES = YES;
				CLANG_ENABLE_OBJC_ARC = YES;
				CLANG_WARN_BOOL_CONVERSION = YES;
				CLANG_WARN_CONSTANT_CONVERSION = YES;
				CLANG_WARN_DIRECT_OBJC_ISA_USAGE = YES_ERROR;
				CLANG_WARN_EMPTY_BODY = YES;
				CLANG_WARN_ENUM_CONVERSION = YES;
				CLANG_WARN_INT_CONVERSION = YES;
				CLANG_WARN_OBJC_ROOT_CLASS = YES_ERROR;
				CLANG_WARN_UNREACHABLE_CODE = YES;
				CLANG_WARN__DUPLICATE_METHOD_MATCH = YES;
				"CODE_SIGN_IDENTITY[sdk=iphoneos*]" = "iPhone Developer";
				COPY_PHASE_STRIP = NO;
				DEBUG_INFORMATION_FORMAT = "dwarf-with-dsym";
				ENABLE_NS_ASSERTIONS = NO;
				ENABLE_STRICT_OBJC_MSGSEND = YES;
				GCC_C_LANGUAGE_STANDARD = gnu99;
				GCC_NO_COMMON_BLOCKS = YES;
				GCC_WARN_64_TO_32_BIT_CONVERSION = YES;
				GCC_WARN_ABOUT_RETURN_TYPE = YES_ERROR;
				GCC_WARN_UNDECLARED_SELECTOR = YES;
				GCC_WARN_UNINITIALIZED_AUTOS = YES_AGGRESSIVE;
				GCC_WARN_UNUSED_FUNCTION = YES;
				GCC_WARN_UNUSED_VARIABLE = YES;
				IPHONEOS_DEPLOYMENT_TARGET = 9.3;
				MTL_ENABLE_DEBUG_INFO = NO;
				SDKROOT = iphoneos;
				VALIDATE_PRODUCT = YES;
			};
			name = Release;
		};
		59C2DDB01D2E137E00552395 /* Debug */ = {
			isa = XCBuildConfiguration;
			buildSettings = {
				ASSETCATALOG_COMPILER_APPICON_NAME = AppIcon;
				INFOPLIST_FILE = OlpejExamples/Info.plist;
				LD_RUNPATH_SEARCH_PATHS = "$(inherited) @executable_path/Frameworks";
				PRODUCT_BUNDLE_IDENTIFIER = com.lukematthewsutton.OlpejExamples;
				PRODUCT_NAME = "$(TARGET_NAME)";
			};
			name = Debug;
		};
		59C2DDB11D2E137E00552395 /* Release */ = {
			isa = XCBuildConfiguration;
			buildSettings = {
				ASSETCATALOG_COMPILER_APPICON_NAME = AppIcon;
				INFOPLIST_FILE = OlpejExamples/Info.plist;
				LD_RUNPATH_SEARCH_PATHS = "$(inherited) @executable_path/Frameworks";
				PRODUCT_BUNDLE_IDENTIFIER = com.lukematthewsutton.OlpejExamples;
				PRODUCT_NAME = "$(TARGET_NAME)";
			};
			name = Release;
		};
/* End XCBuildConfiguration section */

/* Begin XCConfigurationList section */
		59C2DD981D2E137E00552395 /* Build configuration list for PBXProject "OlpejExamples" */ = {
			isa = XCConfigurationList;
			buildConfigurations = (
				59C2DDAD1D2E137E00552395 /* Debug */,
				59C2DDAE1D2E137E00552395 /* Release */,
			);
			defaultConfigurationIsVisible = 0;
			defaultConfigurationName = Release;
		};
		59C2DDAF1D2E137E00552395 /* Build configuration list for PBXNativeTarget "OlpejExamples" */ = {
			isa = XCConfigurationList;
			buildConfigurations = (
				59C2DDB01D2E137E00552395 /* Debug */,
				59C2DDB11D2E137E00552395 /* Release */,
			);
			defaultConfigurationIsVisible = 0;
		};
/* End XCConfigurationList section */
	};
	rootObject = 59C2DD951D2E137E00552395 /* Project object */;
}
